
Microsoft Visual Studio Solution File, Format Version 12.00
# Visual Studio Version 17
VisualStudioVersion = 17.9.34714.143
MinimumVisualStudioVersion = 10.0.40219.1
Project("{FAE04EC0-301F-11D3-BF4B-00C04F79EFBC}") = "Task1", "Task1.csproj", "{F5EEC6BE-2180-4803-BEB2-87120AA68B5A}"
EndProject
Project("{FAE04EC0-301F-11D3-BF4B-00C04F79EFBC}") = "Task2", "..\Task2\Task2.csproj", "{3ECDC67A-C6D2-4F93-8C78-445E70B219F6}"
EndProject
Global
	GlobalSection(SolutionConfigurationPlatforms) = preSolution
		Debug|Any CPU = Debug|Any CPU
		Release|Any CPU = Release|Any CPU
	EndGlobalSection
	GlobalSection(ProjectConfigurationPlatforms) = postSolution
		{F5EEC6BE-2180-4803-BEB2-87120AA68B5A}.Debug|Any CPU.ActiveCfg = Debug|Any CPU
		{F5EEC6BE-2180-4803-BEB2-87120AA68B5A}.Debug|Any CPU.Build.0 = Debug|Any CPU
		{F5EEC6BE-2180-4803-BEB2-87120AA68B5A}.Release|Any CPU.ActiveCfg = Release|Any CPU
		{F5EEC6BE-2180-4803-BEB2-87120AA68B5A}.Release|Any CPU.Build.0 = Release|Any CPU
		{3ECDC67A-C6D2-4F93-8C78-445E70B219F6}.Debug|Any CPU.ActiveCfg = Debug|Any CPU
		{3ECDC67A-C6D2-4F93-8C78-445E70B219F6}.Debug|Any CPU.Build.0 = Debug|Any CPU
		{3ECDC67A-C6D2-4F93-8C78-445E70B219F6}.Release|Any CPU.ActiveCfg = Release|Any CPU
		{3ECDC67A-C6D2-4F93-8C78-445E70B219F6}.Release|Any CPU.Build.0 = Release|Any CPU
	EndGlobalSection
	GlobalSection(SolutionProperties) = preSolution
		HideSolutionNode = FALSE
	EndGlobalSection
	GlobalSection(ExtensibilityGlobals) = postSolution
		SolutionGuid = {54A41090-39B6-4916-BDC3-AD34307898B3}
	EndGlobalSection
EndGlobal
